<?xml version="1.0" encoding="utf-8"?>
<Project ToolsVersion="4.0" xmlns="http://schemas.microsoft.com/developer/msbuild/2003">
  <ItemGroup>
    <Filter Include="Source Files">
      <UniqueIdentifier>{4FC737F1-C7A5-4376-A066-2A32D752A2FF}</UniqueIdentifier>
      <Extensions>cpp;c;cc;cxx;def;odl;idl;hpj;bat;asm;asmx</Extensions>
    </Filter>
    <Filter Include="Header Files">
      <UniqueIdentifier>{93995380-89BD-4b04-88EB-625FBE52EBFB}</UniqueIdentifier>
      <Extensions>h;hh;hpp;hxx;hm;inl;inc;xsd</Extensions>
    </Filter>
    <Filter Include="Resource Files">
      <UniqueIdentifier>{67DA6AB6-F800-4c08-8B7A-83BB121AAD01}</UniqueIdentifier>
      <Extensions>rc;ico;cur;bmp;dlg;rc2;rct;bin;rgs;gif;jpg;jpeg;jpe;resx;tiff;tif;png;wav;mfcribbon-ms</Extensions>
    </Filter>
    <Filter Include="src">
      <UniqueIdentifier>{eb09453a-0890-47db-9607-1e4884b7c090}</UniqueIdentifier>
    </Filter>
    <Filter Include="src\_micro-api-readonly">
      <UniqueIdentifier>{d7e8b738-ea63-46d2-b9d8-b83073c3dde5}</UniqueIdentifier>
    </Filter>
    <Filter Include="src\_micro-api-readonly\core">
      <UniqueIdentifier>{56e8439e-cc41-4ace-b6bf-26e08bb7fa2d}</UniqueIdentifier>
    </Filter>
    <Filter Include="src\_micro-api-readonly\variants">
      <UniqueIdentifier>{69425d39-c499-4210-8dfc-a76031c12081}</UniqueIdentifier>
    </Filter>
    <Filter Include="src\_micro-api-readonly\variants\mega">
      <UniqueIdentifier>{cd6fd157-4af7-46f6-aa4f-fe35836ba5eb}</UniqueIdentifier>
    </Filter>
    <Filter Include="src\_micro-api-readonly\libraries">
      <UniqueIdentifier>{09857de3-0376-49eb-9fc3-714c3904c6df}</UniqueIdentifier>
    </Filter>
    <Filter Include="src\_micro-api-readonly\libraries\VescUartControl">
      <UniqueIdentifier>{d0589eb9-9000-4842-8ffd-e6f68df841ad}</UniqueIdentifier>
    </Filter>
  </ItemGroup>
  <ItemGroup>
    <None Include="VescTestGetTelemetry.ino" />
    <None Include="__vm\.VescTestGetTelemetry.vsarduino.h">
      <Filter>Header Files</Filter>
    </None>
    <None Include="..\..\..\..\..\..\..\..\..\..\DEV\arduino-1.5.8\hardware\arduino\avr\cores\arduino\abi.cpp">
      <Filter>src\_micro-api-readonly\core</Filter>
    </None>
    <None Include="..\..\..\..\..\..\..\..\..\..\DEV\arduino-1.5.8\hardware\arduino\avr\cores\arduino\Arduino.h">
      <Filter>src\_micro-api-readonly\core</Filter>
    </None>
    <None Include="..\..\..\..\..\..\..\..\..\..\DEV\arduino-1.5.8\hardware\arduino\avr\cores\arduino\binary.h">
      <Filter>src\_micro-api-readonly\core</Filter>
    </None>
    <None Include="..\..\..\..\..\..\..\..\..\..\DEV\arduino-1.5.8\hardware\arduino\avr\cores\arduino\CDC.cpp">
      <Filter>src\_micro-api-readonly\core</Filter>
    </None>
    <None Include="..\..\..\..\..\..\..\..\..\..\DEV\arduino-1.5.8\hardware\arduino\avr\cores\arduino\Client.h">
      <Filter>src\_micro-api-readonly\core</Filter>
    </None>
    <None Include="..\..\..\..\..\..\..\..\..\..\DEV\arduino-1.5.8\hardware\arduino\avr\cores\arduino\HardwareSerial.cpp">
      <Filter>src\_micro-api-readonly\core</Filter>
    </None>
    <None Include="..\..\..\..\..\..\..\..\..\..\DEV\arduino-1.5.8\hardware\arduino\avr\cores\arduino\HardwareSerial.h">
      <Filter>src\_micro-api-readonly\core</Filter>
    </None>
    <None Include="..\..\..\..\..\..\..\..\..\..\DEV\arduino-1.5.8\hardware\arduino\avr\cores\arduino\HardwareSerial0.cpp">
      <Filter>src\_micro-api-readonly\core</Filter>
    </None>
    <None Include="..\..\..\..\..\..\..\..\..\..\DEV\arduino-1.5.8\hardware\arduino\avr\cores\arduino\HardwareSerial1.cpp">
      <Filter>src\_micro-api-readonly\core</Filter>
    </None>
    <None Include="..\..\..\..\..\..\..\..\..\..\DEV\arduino-1.5.8\hardware\arduino\avr\cores\arduino\HardwareSerial2.cpp">
      <Filter>src\_micro-api-readonly\core</Filter>
    </None>
    <None Include="..\..\..\..\..\..\..\..\..\..\DEV\arduino-1.5.8\hardware\arduino\avr\cores\arduino\HardwareSerial3.cpp">
      <Filter>src\_micro-api-readonly\core</Filter>
    </None>
    <None Include="..\..\..\..\..\..\..\..\..\..\DEV\arduino-1.5.8\hardware\arduino\avr\cores\arduino\HardwareSerial_private.h">
      <Filter>src\_micro-api-readonly\core</Filter>
    </None>
    <None Include="..\..\..\..\..\..\..\..\..\..\DEV\arduino-1.5.8\hardware\arduino\avr\cores\arduino\HID.cpp">
      <Filter>src\_micro-api-readonly\core</Filter>
    </None>
    <None Include="..\..\..\..\..\..\..\..\..\..\DEV\arduino-1.5.8\hardware\arduino\avr\cores\arduino\IPAddress.cpp">
      <Filter>src\_micro-api-readonly\core</Filter>
    </None>
    <None Include="..\..\..\..\..\..\..\..\..\..\DEV\arduino-1.5.8\hardware\arduino\avr\cores\arduino\IPAddress.h">
      <Filter>src\_micro-api-readonly\core</Filter>
    </None>
    <None Include="..\..\..\..\..\..\..\..\..\..\DEV\arduino-1.5.8\hardware\arduino\avr\cores\arduino\main.cpp">
      <Filter>src\_micro-api-readonly\core</Filter>
    </None>
    <None Include="..\..\..\..\..\..\..\..\..\..\DEV\arduino-1.5.8\hardware\arduino\avr\cores\arduino\new.cpp">
      <Filter>src\_micro-api-readonly\core</Filter>
    </None>
    <None Include="..\..\..\..\..\..\..\..\..\..\DEV\arduino-1.5.8\hardware\arduino\avr\cores\arduino\new.h">
      <Filter>src\_micro-api-readonly\core</Filter>
    </None>
    <None Include="..\..\..\..\..\..\..\..\..\..\DEV\arduino-1.5.8\hardware\arduino\avr\cores\arduino\Print.cpp">
      <Filter>src\_micro-api-readonly\core</Filter>
    </None>
    <None Include="..\..\..\..\..\..\..\..\..\..\DEV\arduino-1.5.8\hardware\arduino\avr\cores\arduino\Print.h">
      <Filter>src\_micro-api-readonly\core</Filter>
    </None>
    <None Include="..\..\..\..\..\..\..\..\..\..\DEV\arduino-1.5.8\hardware\arduino\avr\cores\arduino\Printable.h">
      <Filter>src\_micro-api-readonly\core</Filter>
    </None>
    <None Include="..\..\..\..\..\..\..\..\..\..\DEV\arduino-1.5.8\hardware\arduino\avr\cores\arduino\Server.h">
      <Filter>src\_micro-api-readonly\core</Filter>
    </None>
    <None Include="..\..\..\..\..\..\..\..\..\..\DEV\arduino-1.5.8\hardware\arduino\avr\cores\arduino\Stream.cpp">
      <Filter>src\_micro-api-readonly\core</Filter>
    </None>
    <None Include="..\..\..\..\..\..\..\..\..\..\DEV\arduino-1.5.8\hardware\arduino\avr\cores\arduino\Stream.h">
      <Filter>src\_micro-api-readonly\core</Filter>
    </None>
    <None Include="..\..\..\..\..\..\..\..\..\..\DEV\arduino-1.5.8\hardware\arduino\avr\cores\arduino\Tone.cpp">
      <Filter>src\_micro-api-readonly\core</Filter>
    </None>
    <None Include="..\..\..\..\..\..\..\..\..\..\DEV\arduino-1.5.8\hardware\arduino\avr\cores\arduino\Udp.h">
      <Filter>src\_micro-api-readonly\core</Filter>
    </None>
    <None Include="..\..\..\..\..\..\..\..\..\..\DEV\arduino-1.5.8\hardware\arduino\avr\cores\arduino\USBAPI.h">
      <Filter>src\_micro-api-readonly\core</Filter>
    </None>
    <None Include="..\..\..\..\..\..\..\..\..\..\DEV\arduino-1.5.8\hardware\arduino\avr\cores\arduino\USBCore.cpp">
      <Filter>src\_micro-api-readonly\core</Filter>
    </None>
    <None Include="..\..\..\..\..\..\..\..\..\..\DEV\arduino-1.5.8\hardware\arduino\avr\cores\arduino\USBCore.h">
      <Filter>src\_micro-api-readonly\core</Filter>
    </None>
    <None Include="..\..\..\..\..\..\..\..\..\..\DEV\arduino-1.5.8\hardware\arduino\avr\cores\arduino\USBDesc.h">
      <Filter>src\_micro-api-readonly\core</Filter>
    </None>
    <None Include="..\..\..\..\..\..\..\..\..\..\DEV\arduino-1.5.8\hardware\arduino\avr\cores\arduino\WCharacter.h">
      <Filter>src\_micro-api-readonly\core</Filter>
    </None>
    <None Include="..\..\..\..\..\..\..\..\..\..\DEV\arduino-1.5.8\hardware\arduino\avr\cores\arduino\wiring_private.h">
      <Filter>src\_micro-api-readonly\core</Filter>
    </None>
    <None Include="..\..\..\..\..\..\..\..\..\..\DEV\arduino-1.5.8\hardware\arduino\avr\cores\arduino\WMath.cpp">
      <Filter>src\_micro-api-readonly\core</Filter>
    </None>
    <None Include="..\..\..\..\..\..\..\..\..\..\DEV\arduino-1.5.8\hardware\arduino\avr\cores\arduino\WString.cpp">
      <Filter>src\_micro-api-readonly\core</Filter>
    </None>
    <None Include="..\..\..\..\..\..\..\..\..\..\DEV\arduino-1.5.8\hardware\arduino\avr\cores\arduino\WString.h">
      <Filter>src\_micro-api-readonly\core</Filter>
    </None>
    <None Include="..\..\..\..\..\..\..\..\..\..\DEV\arduino-1.5.8\hardware\arduino\avr\variants\mega\pins_arduino.h">
      <Filter>src\_micro-api-readonly\variants\mega</Filter>
    </None>
    <None Include="..\..\buffer.cpp">
      <Filter>src\_micro-api-readonly\libraries\VescUartControl</Filter>
    </None>
    <None Include="..\..\buffer.h">
      <Filter>src\_micro-api-readonly\libraries\VescUartControl</Filter>
    </None>
    <None Include="..\..\Config.txt">
      <Filter>src\_micro-api-readonly\libraries\VescUartControl</Filter>
    </None>
    <None Include="..\..\crc.cpp">
      <Filter>src\_micro-api-readonly\libraries\VescUartControl</Filter>
    </None>
    <None Include="..\..\crc.h">
      <Filter>src\_micro-api-readonly\libraries\VescUartControl</Filter>
    </None>
    <None Include="..\..\datatypes.h">
      <Filter>src\_micro-api-readonly\libraries\VescUartControl</Filter>
    </None>
    <None Include="..\..\printf.h">
      <Filter>src\_micro-api-readonly\libraries\VescUartControl</Filter>
    </None>
    <None Include="..\..\VESC.cpp">
      <Filter>src\_micro-api-readonly\libraries\VescUartControl</Filter>
    </None>
    <None Include="..\..\VESC.h">
      <Filter>src\_micro-api-readonly\libraries\VescUartControl</Filter>
    </None>
    <None Include="..\..\VescIo.cpp">
      <Filter>src\_micro-api-readonly\libraries\VescUartControl</Filter>
    </None>
    <None Include="..\..\VescIo.h">
      <Filter>src\_micro-api-readonly\libraries\VescUartControl</Filter>
    </None>
  </ItemGroup>
</Project>